id: CARES_antenna_correction
label: Antenna Correction
category: '[CARES]'

templates:
  imports: import CARES
  make: CARES.antenna_correction(${num_inputs}, ${config_filename})

#  Make one 'parameters' list entry for every parameter you want settable from the GUI.
#     Keys include:
#     * id (makes the value accessible as \$keyname, e.g. in the make entry)
#     * label (label shown in the GUI)
#     * dtype (e.g. int, float, complex, byte, short, xxx_vector, ...)
parameters:
- id: num_inputs
  label: Num Inputs
  dtype: int
- id: config_filename
  label: Config File
  default: '/tmp/antenna.cfg'
  dtype: file_open

#  Make one 'inputs' list entry per input and one 'outputs' list entry per output.
#  Keys include:
#      * label (an identifier for the GUI)
#      * domain (optional - stream or message. Default is stream)
#      * dtype (e.g. int, float, complex, byte, short, xxx_vector, ...)
#      * vlen (optional - data stream vector length. Default is 1)
#      * optional (optional - set to 1 for optional inputs. Default is 0)
inputs:
- label: in
  dtype: complex
  multiplicity: ${ num_inputs }

outputs:
- label: out
  dtype: complex
  multiplicity: ${ num_inputs }

#  'file_format' specifies the version of the GRC yml format used in the file
#  and should usually not be changed.
file_format: 1
